# This file was autogenerated by Stack.
# You should not edit this file by hand.
# For more information, please see the documentation at:
#   https://docs.haskellstack.org/en/stable/lock_files

packages:
- completed:
    hackage: servant-multipart-0.11.4@sha256:ef3ed65fc51ad73c5f27cda0bb65b5ff98496871a2b5625a00fe3bd67eddc569,2132
    pantry-tree:
      size: 333
      sha256: a64d359ca5eacb41854e3909952ca8503a1654c4ae4bbdfeba2ffcbe5e3615c9
  original:
    hackage: servant-multipart-0.11.4@sha256:ef3ed65fc51ad73c5f27cda0bb65b5ff98496871a2b5625a00fe3bd67eddc569
- completed:
    hackage: type-level-sets-0.8.9.0@sha256:e29f4045b68e46e0f88153c63f48fb026917eeacafd9b81fc059417a85e68031,3123
    pantry-tree:
      size: 382
      sha256: e7b4e38017e1231b70c511f95a057692a43366408137639da510b25155662a09
  original:
    hackage: type-level-sets-0.8.9.0@sha256:e29f4045b68e46e0f88153c63f48fb026917eeacafd9b81fc059417a85e68031
- completed:
    cabal-file:
      size: 3164
      sha256: 6e1636b0414ae7b028a01f1a90cf3e28c14f1df7867cf2615d5357d9abcd6279
    name: HDBC-postgresql
    version: 2.3.2.6
    git: https://github.com/nakaji-dayo/hdbc-postgresql.git
    pantry-tree:
      size: 1789
      sha256: 223a8df69265944f5c3fb315ecd05432f770c5b1bf746efc73c787410df64e40
    commit: aa9dd76d8671c9f4930717c43f2c7e08a4c29dc3
  original:
    git: https://github.com/nakaji-dayo/hdbc-postgresql.git
    commit: aa9dd76d8671c9f4930717c43f2c7e08a4c29dc3
- completed:
    cabal-file:
      size: 994
      sha256: 08795fcc8eb3e75f40875f7aaf6a07e72f20c2406b1690650b0c515f491ead1f
    name: servant-swagger-tags
    version: 0.1.0.0
    git: https://github.com/nakaji-dayo/servant-swagger-tags.git
    pantry-tree:
      size: 378
      sha256: 8bd7c9964f57512a4b559c39268406df05034f36426fce05e53a7d81edb181f7
    commit: dd85e2c0ac19466ce3be88cd13182f5a38da5830
  original:
    git: https://github.com/nakaji-dayo/servant-swagger-tags.git
    commit: dd85e2c0ac19466ce3be88cd13182f5a38da5830
- completed:
    cabal-file:
      size: 2713
      sha256: 2d9d56d475edc9eae9a431fc32b20599585c6bb925b96ec18070ddb450421f1d
    name: monad-mock
    version: 0.2.0.0
    git: https://github.com/nakaji-dayo/monad-mock.git
    pantry-tree:
      size: 773
      sha256: 96a0b2200ff20e07b5e10d1cefa243c8339c31886caeb0675ed25bd92b085d64
    commit: 48fc0db542829881d2f5bcc330ae45dfd76cdb38
  original:
    git: https://github.com/nakaji-dayo/monad-mock.git
    commit: 48fc0db542829881d2f5bcc330ae45dfd76cdb38
- completed:
    hackage: extend-record-data-th-0.1.0.2@sha256:10b6e74b3ad325fa87cbfebafd8cef699516f0da2c841a3c73c0a100fc5eb928,1607
    pantry-tree:
      size: 384
      sha256: c5f133de2e03791482cb8aa80b5760136b03985cc89853ed59eb7207bb5be3f1
  original:
    hackage: extend-record-data-th-0.1.0.2
- completed:
    hackage: base58-bytestring-0.1.0@sha256:a1da72ee89d5450bac1c792d9fcbe95ed7154ab7246f2172b57bd4fd9b5eab79,1913
    pantry-tree:
      size: 419
      sha256: 053784f8edef6433518c873a7c502dc75348f812e2384e1306f90467ea54f40b
  original:
    hackage: base58-bytestring-0.1.0@sha256:a1da72ee89d5450bac1c792d9fcbe95ed7154ab7246f2172b57bd4fd9b5eab79,1913
snapshots:
- completed:
    size: 498186
    url: https://raw.githubusercontent.com/commercialhaskell/stackage-snapshots/master/lts/13/22.yaml
    sha256: d4f07dc3d5658260c2fe34266ad7618f6c84d34decf559c9c786ac1cfccf4e7b
  original: lts-13.22
